PODS:
  - Crashlytics (3.9.0):
    - Fabric (~> 1.7.0)
  - Fabric (1.7.0)
  - Nimble (7.0.2)
  - Quick (1.2.0)
  - SHDateFormatter (1.0.2)
  - SwiftLint (0.23.0)

DEPENDENCIES:
  - Crashlytics
  - Fabric
  - Nimble
  - Quick
  - SHDateFormatter
  - SwiftLint

SPEC CHECKSUMS:
  Crashlytics: 64aad5dd97249dd3ff94b979fea140144590cdd3
  Fabric: e6be012366472553807dada21243c5ab8d904151
  Nimble: bfe1f814edabba69ff145cb1283e04ed636a67f2
  Quick: 58d203b1c5e27fff7229c4c1ae445ad7069a7a08
  SHDateFormatter: f0a89cdb6ce8723b7ca209cbfe322492ab1b4ac1
  SwiftLint: 6ddf7d305644c2239cb768a11d97cce804816691

PODFILE CHECKSUM: 7c619b5ec4bfd86aa17b58c3fba0a1e6a5dfc4fe

COCOAPODS: 1.3.1
