PODS:
  - Firebase (2.5.1)
  - PublicCodeLibrary (1.0.1)
  - R.swift (1.3.0):
    - R.swift.Library (~> 1.1.0)
  - R.swift.Library (1.1.0)

DEPENDENCIES:
  - Firebase
  - PublicCodeLibrary
  - R.swift

SPEC CHECKSUMS:
  Firebase: 3565ea88b830f28f2c77ecc524622bc71a20d085
  PublicCodeLibrary: 2bb4b143e3f12201ef503f1cba11e0faa2b9e2c6
  R.swift: 43f8a833dd8cbb4a19908cbfd37fb982e9147899
  R.swift.Library: 775f3086e07313ed1a1dfddca8418317f5a87397

COCOAPODS: 0.39.0
